
Microsoft Visual Studio Solution File, Format Version 12.00
# Visual Studio Version 17
VisualStudioVersion = 17.4.33110.190
MinimumVisualStudioVersion = 10.0.40219.1
Project("{FAE04EC0-301F-11D3-BF4B-00C04F79EFBC}") = "Help_FinalProject", "Help_FinalProject\Help_FinalProject.csproj", "{DA01EE7B-9E5F-4EB1-B769-BF2FADC98A55}"
EndProject
Global
	GlobalSection(SolutionConfigurationPlatforms) = preSolution
		Debug|Any CPU = Debug|Any CPU
		Release|Any CPU = Release|Any CPU
	EndGlobalSection
	GlobalSection(ProjectConfigurationPlatforms) = postSolution
		{DA01EE7B-9E5F-4EB1-B769-BF2FADC98A55}.Debug|Any CPU.ActiveCfg = Debug|Any CPU
		{DA01EE7B-9E5F-4EB1-B769-BF2FADC98A55}.Debug|Any CPU.Build.0 = Debug|Any CPU
		{DA01EE7B-9E5F-4EB1-B769-BF2FADC98A55}.Release|Any CPU.ActiveCfg = Release|Any CPU
		{DA01EE7B-9E5F-4EB1-B769-BF2FADC98A55}.Release|Any CPU.Build.0 = Release|Any CPU
	EndGlobalSection
	GlobalSection(SolutionProperties) = preSolution
		HideSolutionNode = FALSE
	EndGlobalSection
	GlobalSection(ExtensibilityGlobals) = postSolution
		SolutionGuid = {31F78123-4A64-4236-A9E2-1664E70E5F3E}
	EndGlobalSection
EndGlobal
